// !$*UTF8*$!
{
	archiveVersion = 1;
	classes = {
	};
	objectVersion = 60;
	objects = {

/* Begin PBXBuildFile section */
		A10000000000000000000001 /* NeutrinoDriveApp.swift in Sources */ = {isa = PBXBuildFile; fileRef = A20000000000000000000001 /* NeutrinoDriveApp.swift */; };
		A10000000000000000000002 /* ContentView.swift in Sources */ = {isa = PBXBuildFile; fileRef = A20000000000000000000002 /* ContentView.swift */; };
		A10000000000000000000003 /* Models.swift in Sources */ = {isa = PBXBuildFile; fileRef = A20000000000000000000003 /* Models.swift */; };
		A10000000000000000000004 /* APIClient.swift in Sources */ = {isa = PBXBuildFile; fileRef = A20000000000000000000004 /* APIClient.swift */; };
		A10000000000000000000005 /* AuthManager.swift in Sources */ = {isa = PBXBuildFile; fileRef = A20000000000000000000005 /* AuthManager.swift */; };
		A10000000000000000000006 /* DriveService.swift in Sources */ = {isa = PBXBuildFile; fileRef = A20000000000000000000006 /* DriveService.swift */; };
		A10000000000000000000007 /* AppSettings.swift in Sources */ = {isa = PBXBuildFile; fileRef = A20000000000000000000007 /* AppSettings.swift */; };
		A10000000000000000000008 /* FileCache.swift in Sources */ = {isa = PBXBuildFile; fileRef = A20000000000000000000008 /* FileCache.swift */; };
		A10000000000000000000009 /* KeychainStore.swift in Sources */ = {isa = PBXBuildFile; fileRef = A20000000000000000000009 /* KeychainStore.swift */; };
		A1000000000000000000000A /* AuthView.swift in Sources */ = {isa = PBXBuildFile; fileRef = A2000000000000000000000A /* AuthView.swift */; };
		A1000000000000000000000B /* DriveHomeView.swift in Sources */ = {isa = PBXBuildFile; fileRef = A2000000000000000000000B /* DriveHomeView.swift */; };
		A1000000000000000000000C /* FileRowView.swift in Sources */ = {isa = PBXBuildFile; fileRef = A2000000000000000000000C /* FileRowView.swift */; };
		A1000000000000000000000D /* FolderRowView.swift in Sources */ = {isa = PBXBuildFile; fileRef = A2000000000000000000000D /* FolderRowView.swift */; };
		A1000000000000000000000E /* OfflineFileRowView.swift in Sources */ = {isa = PBXBuildFile; fileRef = A2000000000000000000000E /* OfflineFileRowView.swift */; };
		A1000000000000000000000F /* QuickLookView.swift in Sources */ = {isa = PBXBuildFile; fileRef = A2000000000000000000000F /* QuickLookView.swift */; };
		A10000000000000000000010 /* ShareSheet.swift in Sources */ = {isa = PBXBuildFile; fileRef = A20000000000000000000010 /* ShareSheet.swift */; };
		A10000000000000000000011 /* SettingsView.swift in Sources */ = {isa = PBXBuildFile; fileRef = A20000000000000000000011 /* SettingsView.swift */; };
		A10000000000000000000012 /* LaunchScreen.storyboard in Resources */ = {isa = PBXBuildFile; fileRef = A20000000000000000000012 /* LaunchScreen.storyboard */; };
		A10000000000000000000013 /* Assets.xcassets in Resources */ = {isa = PBXBuildFile; fileRef = A20000000000000000000013 /* Assets.xcassets */; };
		A10000000000000000000014 /* Preview Content/Preview Assets.xcassets in Resources */ = {isa = PBXBuildFile; fileRef = A20000000000000000000014 /* Preview Content/Preview Assets.xcassets */; };
		A10000000000000000000015 /* SyncSettings.swift in Sources */ = {isa = PBXBuildFile; fileRef = A20000000000000000000017 /* SyncSettings.swift */; };
		A10000000000000000000016 /* SyncManager.swift in Sources */ = {isa = PBXBuildFile; fileRef = A20000000000000000000018 /* SyncManager.swift */; };
		A10000000000000000000017 /* BiometricManager.swift in Sources */ = {isa = PBXBuildFile; fileRef = A20000000000000000000019 /* BiometricManager.swift */; };
		A10000000000000000000018 /* LockView.swift in Sources */ = {isa = PBXBuildFile; fileRef = A2000000000000000000001A /* LockView.swift */; };
/* End PBXBuildFile section */

/* Begin PBXFileReference section */
		A20000000000000000000001 /* NeutrinoDriveApp.swift */ = {isa = PBXFileReference; lastKnownFileType = sourcecode.swift; path = NeutrinoDriveApp.swift; sourceTree = "<group>"; };
		A20000000000000000000002 /* ContentView.swift */ = {isa = PBXFileReference; lastKnownFileType = sourcecode.swift; path = ContentView.swift; sourceTree = "<group>"; };
		A20000000000000000000003 /* Models.swift */ = {isa = PBXFileReference; lastKnownFileType = sourcecode.swift; path = Models.swift; sourceTree = "<group>"; };
		A20000000000000000000004 /* APIClient.swift */ = {isa = PBXFileReference; lastKnownFileType = sourcecode.swift; path = APIClient.swift; sourceTree = "<group>"; };
		A20000000000000000000005 /* AuthManager.swift */ = {isa = PBXFileReference; lastKnownFileType = sourcecode.swift; path = AuthManager.swift; sourceTree = "<group>"; };
		A20000000000000000000006 /* DriveService.swift */ = {isa = PBXFileReference; lastKnownFileType = sourcecode.swift; path = DriveService.swift; sourceTree = "<group>"; };
		A20000000000000000000007 /* AppSettings.swift */ = {isa = PBXFileReference; lastKnownFileType = sourcecode.swift; path = AppSettings.swift; sourceTree = "<group>"; };
		A20000000000000000000008 /* FileCache.swift */ = {isa = PBXFileReference; lastKnownFileType = sourcecode.swift; path = FileCache.swift; sourceTree = "<group>"; };
		A20000000000000000000009 /* KeychainStore.swift */ = {isa = PBXFileReference; lastKnownFileType = sourcecode.swift; path = KeychainStore.swift; sourceTree = "<group>"; };
		A2000000000000000000000A /* AuthView.swift */ = {isa = PBXFileReference; lastKnownFileType = sourcecode.swift; path = AuthView.swift; sourceTree = "<group>"; };
		A2000000000000000000000B /* DriveHomeView.swift */ = {isa = PBXFileReference; lastKnownFileType = sourcecode.swift; path = DriveHomeView.swift; sourceTree = "<group>"; };
		A2000000000000000000000C /* FileRowView.swift */ = {isa = PBXFileReference; lastKnownFileType = sourcecode.swift; path = FileRowView.swift; sourceTree = "<group>"; };
		A2000000000000000000000D /* FolderRowView.swift */ = {isa = PBXFileReference; lastKnownFileType = sourcecode.swift; path = FolderRowView.swift; sourceTree = "<group>"; };
		A2000000000000000000000E /* OfflineFileRowView.swift */ = {isa = PBXFileReference; lastKnownFileType = sourcecode.swift; path = OfflineFileRowView.swift; sourceTree = "<group>"; };
		A2000000000000000000000F /* QuickLookView.swift */ = {isa = PBXFileReference; lastKnownFileType = sourcecode.swift; path = QuickLookView.swift; sourceTree = "<group>"; };
		A20000000000000000000010 /* ShareSheet.swift */ = {isa = PBXFileReference; lastKnownFileType = sourcecode.swift; path = ShareSheet.swift; sourceTree = "<group>"; };
		A20000000000000000000011 /* SettingsView.swift */ = {isa = PBXFileReference; lastKnownFileType = sourcecode.swift; path = SettingsView.swift; sourceTree = "<group>"; };
		A20000000000000000000012 /* LaunchScreen.storyboard */ = {isa = PBXFileReference; lastKnownFileType = file.storyboard; path = LaunchScreen.storyboard; sourceTree = "<group>"; };
		A20000000000000000000013 /* Assets.xcassets */ = {isa = PBXFileReference; lastKnownFileType = folder.assetcatalog; path = Assets.xcassets; sourceTree = "<group>"; };
		A20000000000000000000014 /* Preview Content/Preview Assets.xcassets */ = {isa = PBXFileReference; lastKnownFileType = folder.assetcatalog; path = "Preview Content/Preview Assets.xcassets"; sourceTree = "<group>"; };
		A20000000000000000000015 /* Info.plist */ = {isa = PBXFileReference; lastKnownFileType = text.plist.xml; path = Info.plist; sourceTree = "<group>"; };
		A20000000000000000000016 /* NeutrinoDrive.app */ = {isa = PBXFileReference; explicitFileType = wrapper.application; path = NeutrinoDrive.app; sourceTree = BUILT_PRODUCTS_DIR; };
		A20000000000000000000017 /* SyncSettings.swift */ = {isa = PBXFileReference; lastKnownFileType = sourcecode.swift; path = SyncSettings.swift; sourceTree = "<group>"; };
		A20000000000000000000018 /* SyncManager.swift */ = {isa = PBXFileReference; lastKnownFileType = sourcecode.swift; path = SyncManager.swift; sourceTree = "<group>"; };
		A20000000000000000000019 /* BiometricManager.swift */ = {isa = PBXFileReference; lastKnownFileType = sourcecode.swift; path = BiometricManager.swift; sourceTree = "<group>"; };
		A2000000000000000000001A /* LockView.swift */ = {isa = PBXFileReference; lastKnownFileType = sourcecode.swift; path = LockView.swift; sourceTree = "<group>"; };
/* End PBXFileReference section */

/* Begin PBXGroup section */
		A40000000000000000000001 /* NeutrinoDrive */ = {
			isa = PBXGroup;
			children = (
				A40000000000000000000002 /* Models */,
				A40000000000000000000003 /* Networking */,
				A40000000000000000000004 /* Storage */,
				A4000000000000000000000B /* Security */,
				A40000000000000000000005 /* Views */,
				A20000000000000000000001 /* NeutrinoDriveApp.swift */,
				A20000000000000000000002 /* ContentView.swift */,
				A20000000000000000000012 /* LaunchScreen.storyboard */,
				A20000000000000000000013 /* Assets.xcassets */,
				A20000000000000000000014 /* Preview Content/Preview Assets.xcassets */,
				A20000000000000000000015 /* Info.plist */,
			);
			path = NeutrinoDrive;
			sourceTree = "<group>";
		};
		A40000000000000000000002 /* Models */ = {
			isa = PBXGroup;
			children = (
				A20000000000000000000003 /* Models.swift */,
			);
			path = Models;
			sourceTree = "<group>";
		};
		A40000000000000000000003 /* Networking */ = {
			isa = PBXGroup;
			children = (
				A20000000000000000000004 /* APIClient.swift */,
				A20000000000000000000005 /* AuthManager.swift */,
				A20000000000000000000006 /* DriveService.swift */,
				A20000000000000000000018 /* SyncManager.swift */,
			);
			path = Networking;
			sourceTree = "<group>";
		};
		A40000000000000000000004 /* Storage */ = {
			isa = PBXGroup;
			children = (
				A20000000000000000000007 /* AppSettings.swift */,
				A20000000000000000000008 /* FileCache.swift */,
				A20000000000000000000009 /* KeychainStore.swift */,
				A20000000000000000000017 /* SyncSettings.swift */,
			);
			path = Storage;
			sourceTree = "<group>";
		};
		A40000000000000000000005 /* Views */ = {
			isa = PBXGroup;
			children = (
				A40000000000000000000006 /* Auth */,
				A40000000000000000000007 /* Drive */,
				A40000000000000000000008 /* Settings */,
			);
			path = Views;
			sourceTree = "<group>";
		};
		A40000000000000000000006 /* Auth */ = {
			isa = PBXGroup;
			children = (
				A2000000000000000000000A /* AuthView.swift */,
				A2000000000000000000001A /* LockView.swift */,
			);
			path = Auth;
			sourceTree = "<group>";
		};
		A40000000000000000000007 /* Drive */ = {
			isa = PBXGroup;
			children = (
				A2000000000000000000000B /* DriveHomeView.swift */,
				A2000000000000000000000C /* FileRowView.swift */,
				A2000000000000000000000D /* FolderRowView.swift */,
				A2000000000000000000000E /* OfflineFileRowView.swift */,
				A2000000000000000000000F /* QuickLookView.swift */,
				A20000000000000000000010 /* ShareSheet.swift */,
			);
			path = Drive;
			sourceTree = "<group>";
		};
		A40000000000000000000008 /* Settings */ = {
			isa = PBXGroup;
			children = (
				A20000000000000000000011 /* SettingsView.swift */,
			);
			path = Settings;
			sourceTree = "<group>";
		};
		A40000000000000000000009 /* Products */ = {
			isa = PBXGroup;
			children = (
				A20000000000000000000016 /* NeutrinoDrive.app */,
			);
			name = Products;
			sourceTree = "<group>";
		};
		A4000000000000000000000A = {
			isa = PBXGroup;
			children = (
				A40000000000000000000001 /* NeutrinoDrive */,
				A40000000000000000000009 /* Products */,
			);
			sourceTree = "<group>";
		};
		A4000000000000000000000B /* Security */ = {
			isa = PBXGroup;
			children = (
				A20000000000000000000019 /* BiometricManager.swift */,
			);
			path = Security;
			sourceTree = "<group>";
		};
/* End PBXGroup section */

/* Begin PBXNativeTarget section */
		A50000000000000000000001 /* NeutrinoDrive */ = {
			isa = PBXNativeTarget;
			buildConfigurationList = A70000000000000000000001 /* Build configuration list for PBXNativeTarget "NeutrinoDrive" */;
			buildPhases = (
				A60000000000000000000001 /* Sources */,
				A60000000000000000000003 /* Resources */,
			);
			buildRules = (
			);
			dependencies = (
			);
			name = NeutrinoDrive;
			productName = NeutrinoDrive;
			productReference = A20000000000000000000016 /* NeutrinoDrive.app */;
			productType = "com.apple.product-type.application";
		};
/* End PBXNativeTarget section */

/* Begin PBXProject section */
		A90000000000000000000001 /* Project object */ = {
			isa = PBXProject;
			attributes = {
				BuildIndependentTargetsInParallel = 1;
				LastUpgradeCheck = 2630;
				TargetAttributes = {
					A50000000000000000000001 = {
						CreatedOnToolsVersion = 15.0;
					};
				};
			};
			buildConfigurationList = A70000000000000000000002 /* Build configuration list for PBXProject "NeutrinoDrive" */;
			compatibilityVersion = "Xcode 15.0";
			developmentRegion = en;
			hasScannedForEncodings = 0;
			knownRegions = (
				en,
				Base,
			);
			mainGroup = A4000000000000000000000A;
			productRefGroup = A40000000000000000000009 /* Products */;
			projectDirPath = "";
			projectRoot = "";
			targets = (
				A50000000000000000000001 /* NeutrinoDrive */,
			);
		};
/* End PBXProject section */

/* Begin PBXResourcesBuildPhase section */
		A60000000000000000000003 /* Resources */ = {
			isa = PBXResourcesBuildPhase;
			buildActionMask = 2147483647;
			files = (
				A10000000000000000000012 /* LaunchScreen.storyboard in Resources */,
				A10000000000000000000013 /* Assets.xcassets in Resources */,
				A10000000000000000000014 /* Preview Content/Preview Assets.xcassets in Resources */,
			);
			runOnlyForDeploymentPostprocessing = 0;
		};
/* End PBXResourcesBuildPhase section */

/* Begin PBXSourcesBuildPhase section */
		A60000000000000000000001 /* Sources */ = {
			isa = PBXSourcesBuildPhase;
			buildActionMask = 2147483647;
			files = (
				A10000000000000000000001 /* NeutrinoDriveApp.swift in Sources */,
				A10000000000000000000002 /* ContentView.swift in Sources */,
				A10000000000000000000003 /* Models.swift in Sources */,
				A10000000000000000000004 /* APIClient.swift in Sources */,
				A10000000000000000000005 /* AuthManager.swift in Sources */,
				A10000000000000000000006 /* DriveService.swift in Sources */,
				A10000000000000000000016 /* SyncManager.swift in Sources */,
				A10000000000000000000017 /* BiometricManager.swift in Sources */,
				A10000000000000000000007 /* AppSettings.swift in Sources */,
				A10000000000000000000008 /* FileCache.swift in Sources */,
				A10000000000000000000009 /* KeychainStore.swift in Sources */,
				A10000000000000000000015 /* SyncSettings.swift in Sources */,
				A1000000000000000000000A /* AuthView.swift in Sources */,
				A10000000000000000000018 /* LockView.swift in Sources */,
				A1000000000000000000000B /* DriveHomeView.swift in Sources */,
				A1000000000000000000000C /* FileRowView.swift in Sources */,
				A1000000000000000000000D /* FolderRowView.swift in Sources */,
				A1000000000000000000000E /* OfflineFileRowView.swift in Sources */,
				A1000000000000000000000F /* QuickLookView.swift in Sources */,
				A10000000000000000000010 /* ShareSheet.swift in Sources */,
				A10000000000000000000011 /* SettingsView.swift in Sources */,
			);
			runOnlyForDeploymentPostprocessing = 0;
		};
/* End PBXSourcesBuildPhase section */

/* Begin XCBuildConfiguration section */
		A80000000000000000000001 /* Debug */ = {
			isa = XCBuildConfiguration;
			buildSettings = {
				ALWAYS_SEARCH_USER_PATHS = NO;
				CLANG_ANALYZER_NONNULL = YES;
				CLANG_ANALYZER_NUMBER_OBJECT_CONVERSION = YES_AGGRESSIVE;
				CLANG_CXX_LANGUAGE_STANDARD = "gnu++20";
				CLANG_CXX_LIBRARY = "libc++";
				CLANG_ENABLE_MODULES = YES;
				CLANG_ENABLE_OBJC_ARC = YES;
				CLANG_ENABLE_OBJC_WEAK = YES;
				CLANG_WARN_BLOCK_CAPTURE_AUTORELEASING = YES;
				CLANG_WARN_BOOL_CONVERSION = YES;
				CLANG_WARN_COMMA = YES;
				CLANG_WARN_CONSTANT_CONVERSION = YES;
				CLANG_WARN_DEPRECATED_OBJC_IMPLEMENTATIONS = YES;
				CLANG_WARN_DIRECT_OBJC_ISA_USAGE = YES_ERROR;
				CLANG_WARN_EMPTY_BODY = YES;
				CLANG_WARN_ENUM_CONVERSION = YES;
				CLANG_WARN_INFINITE_RECURSION = YES;
				CLANG_WARN_INT_CONVERSION = YES;
				CLANG_WARN_NON_LITERAL_NULL_CONVERSION = YES;
				CLANG_WARN_OBJC_IMPLICIT_RETAIN_SELF = YES;
				CLANG_WARN_OBJC_LITERAL_CONVERSION = YES;
				CLANG_WARN_OBJC_ROOT_CLASS = YES_ERROR;
				CLANG_WARN_QUOTED_INCLUDE_IN_FRAMEWORK_HEADER = YES;
				CLANG_WARN_RANGE_LOOP_ANALYSIS = YES;
				CLANG_WARN_STRICT_PROTOTYPES = YES;
				CLANG_WARN_SUSPICIOUS_MOVE = YES;
				CLANG_WARN_UNGUARDED_AVAILABILITY = YES_AGGRESSIVE;
				CLANG_WARN_UNREACHABLE_CODE = YES;
				CLANG_WARN__DUPLICATE_METHOD_MATCH = YES;
				COPY_PHASE_STRIP = NO;
				DEBUG_INFORMATION_FORMAT = dwarf;
				DEVELOPMENT_TEAM = 46KWJJ63FU;
				ENABLE_STRICT_OBJC_MSGSEND = YES;
				ENABLE_TESTABILITY = YES;
				ENABLE_USER_SCRIPT_SANDBOXING = YES;
				GCC_C_LANGUAGE_STANDARD = gnu11;
				GCC_DYNAMIC_NO_PIC = NO;
				GCC_NO_COMMON_BLOCKS = YES;
				GCC_OPTIMIZATION_LEVEL = 0;
				GCC_PREPROCESSOR_DEFINITIONS = (
					"DEBUG=1",
					"$(inherited)",
				);
				GCC_WARN_64_TO_32_BIT_CONVERSION = YES;
				GCC_WARN_ABOUT_RETURN_TYPE = YES_ERROR;
				GCC_WARN_UNDECLARED_SELECTOR = YES;
				GCC_WARN_UNINITIALIZED_AUTOS = YES_AGGRESSIVE;
				GCC_WARN_UNUSED_FUNCTION = YES;
				GCC_WARN_UNUSED_VARIABLE = YES;
				IPHONEOS_DEPLOYMENT_TARGET = 16.0;
				MTL_ENABLE_DEBUG_INFO = YES;
				ONLY_ACTIVE_ARCH = YES;
				SDKROOT = iphoneos;
				STRING_CATALOG_GENERATE_SYMBOLS = YES;
				SWIFT_OPTIMIZATION_LEVEL = "-Onone";
				SWIFT_VERSION = 5.0;
			};
			name = Debug;
		};
		A80000000000000000000002 /* Release */ = {
			isa = XCBuildConfiguration;
			buildSettings = {
				ALWAYS_SEARCH_USER_PATHS = NO;
				CLANG_ANALYZER_NONNULL = YES;
				CLANG_ANALYZER_NUMBER_OBJECT_CONVERSION = YES_AGGRESSIVE;
				CLANG_CXX_LANGUAGE_STANDARD = "gnu++20";
				CLANG_CXX_LIBRARY = "libc++";
				CLANG_ENABLE_MODULES = YES;
				CLANG_ENABLE_OBJC_ARC = YES;
				CLANG_ENABLE_OBJC_WEAK = YES;
				CLANG_WARN_BLOCK_CAPTURE_AUTORELEASING = YES;
				CLANG_WARN_BOOL_CONVERSION = YES;
				CLANG_WARN_COMMA = YES;
				CLANG_WARN_CONSTANT_CONVERSION = YES;
				CLANG_WARN_DEPRECATED_OBJC_IMPLEMENTATIONS = YES;
				CLANG_WARN_DIRECT_OBJC_ISA_USAGE = YES_ERROR;
				CLANG_WARN_EMPTY_BODY = YES;
				CLANG_WARN_ENUM_CONVERSION = YES;
				CLANG_WARN_INFINITE_RECURSION = YES;
				CLANG_WARN_INT_CONVERSION = YES;
				CLANG_WARN_NON_LITERAL_NULL_CONVERSION = YES;
				CLANG_WARN_OBJC_IMPLICIT_RETAIN_SELF = YES;
				CLANG_WARN_OBJC_LITERAL_CONVERSION = YES;
				CLANG_WARN_OBJC_ROOT_CLASS = YES_ERROR;
				CLANG_WARN_QUOTED_INCLUDE_IN_FRAMEWORK_HEADER = YES;
				CLANG_WARN_RANGE_LOOP_ANALYSIS = YES;
				CLANG_WARN_STRICT_PROTOTYPES = YES;
				CLANG_WARN_SUSPICIOUS_MOVE = YES;
				CLANG_WARN_UNGUARDED_AVAILABILITY = YES_AGGRESSIVE;
				CLANG_WARN_UNREACHABLE_CODE = YES;
				CLANG_WARN__DUPLICATE_METHOD_MATCH = YES;
				COPY_PHASE_STRIP = YES;
				DEBUG_INFORMATION_FORMAT = dwarf;
				DEVELOPMENT_TEAM = 46KWJJ63FU;
				ENABLE_NS_ASSERTIONS = NO;
				ENABLE_STRICT_OBJC_MSGSEND = YES;
				ENABLE_USER_SCRIPT_SANDBOXING = YES;
				GCC_C_LANGUAGE_STANDARD = gnu11;
				GCC_NO_COMMON_BLOCKS = YES;
				GCC_WARN_64_TO_32_BIT_CONVERSION = YES;
				GCC_WARN_ABOUT_RETURN_TYPE = YES_ERROR;
				GCC_WARN_UNDECLARED_SELECTOR = YES;
				GCC_WARN_UNINITIALIZED_AUTOS = YES_AGGRESSIVE;
				GCC_WARN_UNUSED_FUNCTION = YES;
				GCC_WARN_UNUSED_VARIABLE = YES;
				IPHONEOS_DEPLOYMENT_TARGET = 16.0;
				MTL_ENABLE_DEBUG_INFO = NO;
				SDKROOT = iphoneos;
				STRING_CATALOG_GENERATE_SYMBOLS = YES;
				SWIFT_COMPILATION_MODE = wholemodule;
				SWIFT_OPTIMIZATION_LEVEL = "-O";
				SWIFT_VERSION = 5.0;
				VALIDATE_PRODUCT = YES;
			};
			name = Release;
		};
		A80000000000000000000003 /* Debug */ = {
			isa = XCBuildConfiguration;
			buildSettings = {
				ASSETCATALOG_COMPILER_APPICON_NAME = AppIcon;
				CODE_SIGN_STYLE = Automatic;
				INFOPLIST_FILE = NeutrinoDrive/Info.plist;
				IPHONEOS_DEPLOYMENT_TARGET = 16.0;
				PRODUCT_BUNDLE_IDENTIFIER = com.neutrino.drive;
				PRODUCT_NAME = NeutrinoDrive;
				SWIFT_VERSION = 5.0;
			};
			name = Debug;
		};
		A80000000000000000000004 /* Release */ = {
			isa = XCBuildConfiguration;
			buildSettings = {
				ASSETCATALOG_COMPILER_APPICON_NAME = AppIcon;
				CODE_SIGN_STYLE = Automatic;
				INFOPLIST_FILE = NeutrinoDrive/Info.plist;
				IPHONEOS_DEPLOYMENT_TARGET = 16.0;
				PRODUCT_BUNDLE_IDENTIFIER = com.neutrino.drive;
				PRODUCT_NAME = NeutrinoDrive;
				SWIFT_VERSION = 5.0;
			};
			name = Release;
		};
/* End XCBuildConfiguration section */

/* Begin XCConfigurationList section */
		A70000000000000000000001 /* Build configuration list for PBXNativeTarget "NeutrinoDrive" */ = {
			isa = XCConfigurationList;
			buildConfigurations = (
				A80000000000000000000003 /* Debug */,
				A80000000000000000000004 /* Release */,
			);
			defaultConfigurationIsVisible = 0;
			defaultConfigurationName = Release;
		};
		A70000000000000000000002 /* Build configuration list for PBXProject "NeutrinoDrive" */ = {
			isa = XCConfigurationList;
			buildConfigurations = (
				A80000000000000000000001 /* Debug */,
				A80000000000000000000002 /* Release */,
			);
			defaultConfigurationIsVisible = 0;
			defaultConfigurationName = Release;
		};
/* End XCConfigurationList section */
	};
	rootObject = A90000000000000000000001 /* Project object */;
}
